github.com/tarper24/lynx v1.3.1-t24 h1:sVWLBbUKxRI0hI6UKCUvGsefN42UwawSerrIQW9iJMw=
github.com/tarper24/lynx v1.3.1-t24/go.mod h1:teWdE5ljby91epKlDvnyKaRdeawjZW28AxeLuki9NmQ=
github.com/tarper24/lynx v1.4.1-t24 h1:Ti6RsYcDv8RrV1n75lp56oOTtp1M3hZ/IVBpCO0vIS8=
github.com/tarper24/lynx v1.4.1-t24/go.mod h1:teWdE5ljby91epKlDvnyKaRdeawjZW28AxeLuki9NmQ=
github.com/tarper24/lynx v1.4.2-t24 h1:oKLSCV7MDSIw4dHjr8wvEp0G3NvDkauNyeyFS8nVZWc=
github.com/tarper24/lynx v1.4.2-t24/go.mod h1:teWdE5ljby91epKlDvnyKaRdeawjZW28AxeLuki9NmQ=
github.com/tarper24/lynx v1.4.3-t24 h1:GQlZdfWzXUJ6aaQ39+W7Vrv/88cNFf5LMxfdeid8PxY=
github.com/tarper24/lynx v1.4.3-t24/go.mod h1:teWdE5ljby91epKlDvnyKaRdeawjZW28AxeLuki9NmQ=
